
Microsoft Visual Studio Solution File, Format Version 12.00
# Visual Studio 15
VisualStudioVersion = 15.0.28307.852
MinimumVisualStudioVersion = 10.0.40219.1
Project("{FAE04EC0-301F-11D3-BF4B-00C04F79EFBC}") = "PhamHoangTuanTu_22102371_Assignment01", "PhamHoangTuanTu_22102371_Assignment01\PhamHoangTuanTu_22102371_Assignment01.csproj", "{07F05061-43D8-43BA-AFB8-768B8A8C6F87}"
EndProject
Global
	GlobalSection(SolutionConfigurationPlatforms) = preSolution
		Debug|Any CPU = Debug|Any CPU
		Release|Any CPU = Release|Any CPU
	EndGlobalSection
	GlobalSection(ProjectConfigurationPlatforms) = postSolution
		{07F05061-43D8-43BA-AFB8-768B8A8C6F87}.Debug|Any CPU.ActiveCfg = Debug|Any CPU
		{07F05061-43D8-43BA-AFB8-768B8A8C6F87}.Debug|Any CPU.Build.0 = Debug|Any CPU
		{07F05061-43D8-43BA-AFB8-768B8A8C6F87}.Release|Any CPU.ActiveCfg = Release|Any CPU
		{07F05061-43D8-43BA-AFB8-768B8A8C6F87}.Release|Any CPU.Build.0 = Release|Any CPU
	EndGlobalSection
	GlobalSection(SolutionProperties) = preSolution
		HideSolutionNode = FALSE
	EndGlobalSection
	GlobalSection(ExtensibilityGlobals) = postSolution
		SolutionGuid = {7BE1795E-6653-4FA1-8AA8-B725A0700117}
	EndGlobalSection
EndGlobal
